
Microsoft Visual Studio Solution File, Format Version 12.00
# Visual Studio 2013
VisualStudioVersion = 12.0.31101.0
MinimumVisualStudioVersion = 10.0.40219.1
Project("{888888A0-9F3D-457C-B088-3A5042F75D52}") = "WoodStoveSensor", "WoodStoveSensor\WoodStoveSensor.pyproj", "{65CA93D2-D9F5-46E6-B5CD-F429B0B176E9}"
EndProject
Project("{FAE04EC0-301F-11D3-BF4B-00C04F79EFBC}") = "Dashboard", "Dashboard\Dashboard.csproj", "{5AAA1B57-4DED-40A6-8A6D-4FAB4206D0F1}"
EndProject
Project("{FAE04EC0-301F-11D3-BF4B-00C04F79EFBC}") = "RealtimeProcessor", "RealtimeProcessor\RealtimeProcessor.csproj", "{4826B7E6-826F-4C29-A5F4-1A08646D9496}"
EndProject
Project("{FAE04EC0-301F-11D3-BF4B-00C04F79EFBC}") = "WoodStove.Core", "WoodStove.Core\WoodStove.Core.csproj", "{21281711-D613-4900-AF86-9680D7043FA3}"
EndProject
Global
	GlobalSection(SolutionConfigurationPlatforms) = preSolution
		Debug|Any CPU = Debug|Any CPU
		Release|Any CPU = Release|Any CPU
	EndGlobalSection
	GlobalSection(ProjectConfigurationPlatforms) = postSolution
		{65CA93D2-D9F5-46E6-B5CD-F429B0B176E9}.Debug|Any CPU.ActiveCfg = Debug|Any CPU
		{65CA93D2-D9F5-46E6-B5CD-F429B0B176E9}.Release|Any CPU.ActiveCfg = Release|Any CPU
		{5AAA1B57-4DED-40A6-8A6D-4FAB4206D0F1}.Debug|Any CPU.ActiveCfg = Debug|Any CPU
		{5AAA1B57-4DED-40A6-8A6D-4FAB4206D0F1}.Debug|Any CPU.Build.0 = Debug|Any CPU
		{5AAA1B57-4DED-40A6-8A6D-4FAB4206D0F1}.Release|Any CPU.ActiveCfg = Release|Any CPU
		{5AAA1B57-4DED-40A6-8A6D-4FAB4206D0F1}.Release|Any CPU.Build.0 = Release|Any CPU
		{4826B7E6-826F-4C29-A5F4-1A08646D9496}.Debug|Any CPU.ActiveCfg = Debug|Any CPU
		{4826B7E6-826F-4C29-A5F4-1A08646D9496}.Debug|Any CPU.Build.0 = Debug|Any CPU
		{4826B7E6-826F-4C29-A5F4-1A08646D9496}.Release|Any CPU.ActiveCfg = Release|Any CPU
		{4826B7E6-826F-4C29-A5F4-1A08646D9496}.Release|Any CPU.Build.0 = Release|Any CPU
		{21281711-D613-4900-AF86-9680D7043FA3}.Debug|Any CPU.ActiveCfg = Debug|Any CPU
		{21281711-D613-4900-AF86-9680D7043FA3}.Debug|Any CPU.Build.0 = Debug|Any CPU
		{21281711-D613-4900-AF86-9680D7043FA3}.Release|Any CPU.ActiveCfg = Release|Any CPU
		{21281711-D613-4900-AF86-9680D7043FA3}.Release|Any CPU.Build.0 = Release|Any CPU
	EndGlobalSection
	GlobalSection(SolutionProperties) = preSolution
		HideSolutionNode = FALSE
	EndGlobalSection
EndGlobal
